
Microsoft Visual Studio Solution File, Format Version 12.00
# Visual Studio Version 17
VisualStudioVersion = 17.5.33530.505
MinimumVisualStudioVersion = 10.0.40219.1
Project("{FAE04EC0-301F-11D3-BF4B-00C04F79EFBC}") = "Sandwiches", "Sandwiches\Sandwiches.csproj", "{CEDCCC50-3756-4479-A815-58F0F009B593}"
EndProject
Project("{FAE04EC0-301F-11D3-BF4B-00C04F79EFBC}") = "Pizza-Stores", "Pizza-Stores\Pizza-Stores.csproj", "{847A1549-5715-42D5-83BF-66E1979DA4AD}"
EndProject
Global
	GlobalSection(SolutionConfigurationPlatforms) = preSolution
		Debug|Any CPU = Debug|Any CPU
		Release|Any CPU = Release|Any CPU
	EndGlobalSection
	GlobalSection(ProjectConfigurationPlatforms) = postSolution
		{CEDCCC50-3756-4479-A815-58F0F009B593}.Debug|Any CPU.ActiveCfg = Debug|Any CPU
		{CEDCCC50-3756-4479-A815-58F0F009B593}.Debug|Any CPU.Build.0 = Debug|Any CPU
		{CEDCCC50-3756-4479-A815-58F0F009B593}.Release|Any CPU.ActiveCfg = Release|Any CPU
		{CEDCCC50-3756-4479-A815-58F0F009B593}.Release|Any CPU.Build.0 = Release|Any CPU
		{847A1549-5715-42D5-83BF-66E1979DA4AD}.Debug|Any CPU.ActiveCfg = Debug|Any CPU
		{847A1549-5715-42D5-83BF-66E1979DA4AD}.Debug|Any CPU.Build.0 = Debug|Any CPU
		{847A1549-5715-42D5-83BF-66E1979DA4AD}.Release|Any CPU.ActiveCfg = Release|Any CPU
		{847A1549-5715-42D5-83BF-66E1979DA4AD}.Release|Any CPU.Build.0 = Release|Any CPU
	EndGlobalSection
	GlobalSection(SolutionProperties) = preSolution
		HideSolutionNode = FALSE
	EndGlobalSection
	GlobalSection(ExtensibilityGlobals) = postSolution
		SolutionGuid = {B5D62052-6AC2-4796-B37C-BB8EFBA8EE51}
	EndGlobalSection
EndGlobal
