
Microsoft Visual Studio Solution File, Format Version 12.00
# Visual Studio Version 17
VisualStudioVersion = 17.5.33530.505
MinimumVisualStudioVersion = 10.0.40219.1
Project("{9A19103F-16F7-4668-BE54-9A1E7A4F7556}") = "Coffee-Shop", "Coffee-Shop\Coffee-Shop.csproj", "{CF994809-3932-46EF-AC4A-3D3F197058D5}"
EndProject
Project("{FAE04EC0-301F-11D3-BF4B-00C04F79EFBC}") = "Farm-Restaurant", "Farm-Restaurant\Farm-Restaurant.csproj", "{DCEE1CEE-E532-427D-AE42-31CD2EAE1B57}"
EndProject
Global
	GlobalSection(SolutionConfigurationPlatforms) = preSolution
		Debug|Any CPU = Debug|Any CPU
		Release|Any CPU = Release|Any CPU
	EndGlobalSection
	GlobalSection(ProjectConfigurationPlatforms) = postSolution
		{CF994809-3932-46EF-AC4A-3D3F197058D5}.Debug|Any CPU.ActiveCfg = Debug|Any CPU
		{CF994809-3932-46EF-AC4A-3D3F197058D5}.Debug|Any CPU.Build.0 = Debug|Any CPU
		{CF994809-3932-46EF-AC4A-3D3F197058D5}.Release|Any CPU.ActiveCfg = Release|Any CPU
		{CF994809-3932-46EF-AC4A-3D3F197058D5}.Release|Any CPU.Build.0 = Release|Any CPU
		{DCEE1CEE-E532-427D-AE42-31CD2EAE1B57}.Debug|Any CPU.ActiveCfg = Debug|Any CPU
		{DCEE1CEE-E532-427D-AE42-31CD2EAE1B57}.Debug|Any CPU.Build.0 = Debug|Any CPU
		{DCEE1CEE-E532-427D-AE42-31CD2EAE1B57}.Release|Any CPU.ActiveCfg = Release|Any CPU
		{DCEE1CEE-E532-427D-AE42-31CD2EAE1B57}.Release|Any CPU.Build.0 = Release|Any CPU
	EndGlobalSection
	GlobalSection(SolutionProperties) = preSolution
		HideSolutionNode = FALSE
	EndGlobalSection
	GlobalSection(ExtensibilityGlobals) = postSolution
		SolutionGuid = {1A8885B0-7252-4E91-9F5E-ECDDADEFB308}
	EndGlobalSection
EndGlobal
