
Microsoft Visual Studio Solution File, Format Version 12.00
# Visual Studio Version 17
VisualStudioVersion = 17.5.33530.505
MinimumVisualStudioVersion = 10.0.40219.1
Project("{9A19103F-16F7-4668-BE54-9A1E7A4F7556}") = "Kitchen", "Kitchen\Kitchen.csproj", "{E1F6BF8F-6B2C-4590-9DEF-48F5E45737B4}"
EndProject
Project("{9A19103F-16F7-4668-BE54-9A1E7A4F7556}") = "Home-Theatre", "Home-Theatre\Home-Theatre.csproj", "{2108DCDB-55A3-4664-949F-D5324AA9F7C0}"
EndProject
Project("{9A19103F-16F7-4668-BE54-9A1E7A4F7556}") = "Bank-Account", "Bank-Account\Bank-Account.csproj", "{617D82B3-D08A-4361-9CC6-8CC9942DA63B}"
EndProject
Project("{FAE04EC0-301F-11D3-BF4B-00C04F79EFBC}") = "Video-Converter", "Video-Converter\Video-Converter.csproj", "{084B0A8D-CD6F-4C7D-AAB4-529D508D68E8}"
EndProject
Global
	GlobalSection(SolutionConfigurationPlatforms) = preSolution
		Debug|Any CPU = Debug|Any CPU
		Release|Any CPU = Release|Any CPU
	EndGlobalSection
	GlobalSection(ProjectConfigurationPlatforms) = postSolution
		{E1F6BF8F-6B2C-4590-9DEF-48F5E45737B4}.Debug|Any CPU.ActiveCfg = Debug|Any CPU
		{E1F6BF8F-6B2C-4590-9DEF-48F5E45737B4}.Debug|Any CPU.Build.0 = Debug|Any CPU
		{E1F6BF8F-6B2C-4590-9DEF-48F5E45737B4}.Release|Any CPU.ActiveCfg = Release|Any CPU
		{E1F6BF8F-6B2C-4590-9DEF-48F5E45737B4}.Release|Any CPU.Build.0 = Release|Any CPU
		{2108DCDB-55A3-4664-949F-D5324AA9F7C0}.Debug|Any CPU.ActiveCfg = Debug|Any CPU
		{2108DCDB-55A3-4664-949F-D5324AA9F7C0}.Debug|Any CPU.Build.0 = Debug|Any CPU
		{2108DCDB-55A3-4664-949F-D5324AA9F7C0}.Release|Any CPU.ActiveCfg = Release|Any CPU
		{2108DCDB-55A3-4664-949F-D5324AA9F7C0}.Release|Any CPU.Build.0 = Release|Any CPU
		{617D82B3-D08A-4361-9CC6-8CC9942DA63B}.Debug|Any CPU.ActiveCfg = Debug|Any CPU
		{617D82B3-D08A-4361-9CC6-8CC9942DA63B}.Debug|Any CPU.Build.0 = Debug|Any CPU
		{617D82B3-D08A-4361-9CC6-8CC9942DA63B}.Release|Any CPU.ActiveCfg = Release|Any CPU
		{617D82B3-D08A-4361-9CC6-8CC9942DA63B}.Release|Any CPU.Build.0 = Release|Any CPU
		{084B0A8D-CD6F-4C7D-AAB4-529D508D68E8}.Debug|Any CPU.ActiveCfg = Debug|Any CPU
		{084B0A8D-CD6F-4C7D-AAB4-529D508D68E8}.Debug|Any CPU.Build.0 = Debug|Any CPU
		{084B0A8D-CD6F-4C7D-AAB4-529D508D68E8}.Release|Any CPU.ActiveCfg = Release|Any CPU
		{084B0A8D-CD6F-4C7D-AAB4-529D508D68E8}.Release|Any CPU.Build.0 = Release|Any CPU
	EndGlobalSection
	GlobalSection(SolutionProperties) = preSolution
		HideSolutionNode = FALSE
	EndGlobalSection
	GlobalSection(ExtensibilityGlobals) = postSolution
		SolutionGuid = {27BD9262-7307-4277-85D4-FC0293617183}
	EndGlobalSection
EndGlobal
