
Microsoft Visual Studio Solution File, Format Version 12.00
# Visual Studio Version 17
VisualStudioVersion = 17.5.33530.505
MinimumVisualStudioVersion = 10.0.40219.1
Project("{9A19103F-16F7-4668-BE54-9A1E7A4F7556}") = "Bread", "Bread\Bread.csproj", "{064CD830-2BE0-42EF-97FB-A6111F8CD0AC}"
EndProject
Project("{9A19103F-16F7-4668-BE54-9A1E7A4F7556}") = "Barista", "Barista\Barista.csproj", "{2CB368ED-7979-4BE7-9626-D5F388BF9F80}"
EndProject
Project("{9A19103F-16F7-4668-BE54-9A1E7A4F7556}") = "Hoagie-Hut", "Hoagie-Hut\Hoagie-Hut.csproj", "{7D1C007F-DC17-406E-A95F-36A6BCC88124}"
EndProject
Project("{FAE04EC0-301F-11D3-BF4B-00C04F79EFBC}") = "Data-Mining", "Data-Mining\Data-Mining.csproj", "{433CB29D-60E6-4DD9-A385-D137DC9A2AB5}"
EndProject
Global
	GlobalSection(SolutionConfigurationPlatforms) = preSolution
		Debug|Any CPU = Debug|Any CPU
		Release|Any CPU = Release|Any CPU
	EndGlobalSection
	GlobalSection(ProjectConfigurationPlatforms) = postSolution
		{064CD830-2BE0-42EF-97FB-A6111F8CD0AC}.Debug|Any CPU.ActiveCfg = Debug|Any CPU
		{064CD830-2BE0-42EF-97FB-A6111F8CD0AC}.Debug|Any CPU.Build.0 = Debug|Any CPU
		{064CD830-2BE0-42EF-97FB-A6111F8CD0AC}.Release|Any CPU.ActiveCfg = Release|Any CPU
		{064CD830-2BE0-42EF-97FB-A6111F8CD0AC}.Release|Any CPU.Build.0 = Release|Any CPU
		{2CB368ED-7979-4BE7-9626-D5F388BF9F80}.Debug|Any CPU.ActiveCfg = Debug|Any CPU
		{2CB368ED-7979-4BE7-9626-D5F388BF9F80}.Debug|Any CPU.Build.0 = Debug|Any CPU
		{2CB368ED-7979-4BE7-9626-D5F388BF9F80}.Release|Any CPU.ActiveCfg = Release|Any CPU
		{2CB368ED-7979-4BE7-9626-D5F388BF9F80}.Release|Any CPU.Build.0 = Release|Any CPU
		{7D1C007F-DC17-406E-A95F-36A6BCC88124}.Debug|Any CPU.ActiveCfg = Debug|Any CPU
		{7D1C007F-DC17-406E-A95F-36A6BCC88124}.Debug|Any CPU.Build.0 = Debug|Any CPU
		{7D1C007F-DC17-406E-A95F-36A6BCC88124}.Release|Any CPU.ActiveCfg = Release|Any CPU
		{7D1C007F-DC17-406E-A95F-36A6BCC88124}.Release|Any CPU.Build.0 = Release|Any CPU
		{433CB29D-60E6-4DD9-A385-D137DC9A2AB5}.Debug|Any CPU.ActiveCfg = Debug|Any CPU
		{433CB29D-60E6-4DD9-A385-D137DC9A2AB5}.Debug|Any CPU.Build.0 = Debug|Any CPU
		{433CB29D-60E6-4DD9-A385-D137DC9A2AB5}.Release|Any CPU.ActiveCfg = Release|Any CPU
		{433CB29D-60E6-4DD9-A385-D137DC9A2AB5}.Release|Any CPU.Build.0 = Release|Any CPU
	EndGlobalSection
	GlobalSection(SolutionProperties) = preSolution
		HideSolutionNode = FALSE
	EndGlobalSection
	GlobalSection(ExtensibilityGlobals) = postSolution
		SolutionGuid = {51BEED3A-0CC1-45FD-8228-6DB6958A536C}
	EndGlobalSection
EndGlobal
