
Microsoft Visual Studio Solution File, Format Version 12.00
# Visual Studio Version 17
VisualStudioVersion = 17.5.33530.505
MinimumVisualStudioVersion = 10.0.40219.1
Project("{FAE04EC0-301F-11D3-BF4B-00C04F79EFBC}") = "Candy-Collection", "Candy-Collection\Candy-Collection.csproj", "{0850685B-F75D-4F32-A2AE-5CAB7AE99A07}"
EndProject
Global
	GlobalSection(SolutionConfigurationPlatforms) = preSolution
		Debug|Any CPU = Debug|Any CPU
		Release|Any CPU = Release|Any CPU
	EndGlobalSection
	GlobalSection(ProjectConfigurationPlatforms) = postSolution
		{0850685B-F75D-4F32-A2AE-5CAB7AE99A07}.Debug|Any CPU.ActiveCfg = Debug|Any CPU
		{0850685B-F75D-4F32-A2AE-5CAB7AE99A07}.Debug|Any CPU.Build.0 = Debug|Any CPU
		{0850685B-F75D-4F32-A2AE-5CAB7AE99A07}.Release|Any CPU.ActiveCfg = Release|Any CPU
		{0850685B-F75D-4F32-A2AE-5CAB7AE99A07}.Release|Any CPU.Build.0 = Release|Any CPU
	EndGlobalSection
	GlobalSection(SolutionProperties) = preSolution
		HideSolutionNode = FALSE
	EndGlobalSection
	GlobalSection(ExtensibilityGlobals) = postSolution
		SolutionGuid = {F97AD8F8-8FA9-4370-92BA-34FCC7E9DAC5}
	EndGlobalSection
EndGlobal
